{
  "nodes": {
    "nixpkgs": {
      "locked": {
        "lastModified": 1618754145,
        "narHash": "sha256-VBv2c1X2FpasWR4K6sXZexB2iySvRndZCXjZJUUeVWM=",
        "owner": "NixOS",
        "repo": "nixpkgs",
        "rev": "6eeab63be433fc0a024d281a239028febc8f1e34",
        "type": "github"
      },
      "original": {
        "id": "nixpkgs",
        "type": "indirect"
      }
    },
    "root": {
      "inputs": {
        "nixpkgs": "nixpkgs"
      }
    }
  },
  "root": "root",
  "version": 7
}
